
Microsoft Visual Studio Solution File, Format Version 12.00
# Visual Studio 2015
Project("{FAE04EC0-301F-11D3-BF4B-00C04F79EFBC}") = "trippingtermites.CSharp", "trippingtermites.CSharp.csproj", "{086B4445-9D1A-E150-0D08-436429EC877C}"
EndProject
Global
	GlobalSection(SolutionConfigurationPlatforms) = preSolution
		Debug|Any CPU = Debug|Any CPU
		Release|Any CPU = Release|Any CPU
	EndGlobalSection
	GlobalSection(ProjectConfigurationPlatforms) = postSolution
		{086B4445-9D1A-E150-0D08-436429EC877C}.Debug|Any CPU.ActiveCfg = Debug|Any CPU
		{086B4445-9D1A-E150-0D08-436429EC877C}.Debug|Any CPU.Build.0 = Debug|Any CPU
		{086B4445-9D1A-E150-0D08-436429EC877C}.Release|Any CPU.ActiveCfg = Release|Any CPU
		{086B4445-9D1A-E150-0D08-436429EC877C}.Release|Any CPU.Build.0 = Release|Any CPU
	EndGlobalSection
	GlobalSection(SolutionProperties) = preSolution
		HideSolutionNode = FALSE
	EndGlobalSection
EndGlobal
